
Microsoft Visual Studio Solution File, Format Version 11.00
# Visual Studio 2010
Project("{FAE04EC0-301F-11D3-BF4B-00C04F79EFBC}") = "JoystickCurves", "JoystickCurves\JoystickCurves.csproj", "{2A7DE555-193C-46B4-8E0E-3E5F120C2943}"
EndProject
Project("{FAE04EC0-301F-11D3-BF4B-00C04F79EFBC}") = "mycontrol", "mycontrol\mycontrol.csproj", "{3E26D5F2-9EFF-4F76-9711-79E611F61ACB}"
EndProject
Project("{FAE04EC0-301F-11D3-BF4B-00C04F79EFBC}") = "dotJSON", "dotJson\Src\Newtonsoft.Json\dotJSON.csproj", "{A9AE40FF-1A21-414A-9FE7-3BE13644CC6D}"
EndProject
Project("{2150E333-8FDC-42A3-9474-1A3956D46DE8}") = "Solution Items", "Solution Items", "{0314401C-8AB2-4884-8A63-A9088BCF4FCF}"
	ProjectSection(SolutionItems) = preProject
		Performance1.psess = Performance1.psess
	EndProjectSection
EndProject
Project("{FAE04EC0-301F-11D3-BF4B-00C04F79EFBC}") = "SuperWebSocket", "WebSocket\SuperWebSocket\SuperWebSocket.csproj", "{2DC79E40-BB70-4F6A-B378-905F2FBC6E97}"
EndProject
Project("{FAE04EC0-301F-11D3-BF4B-00C04F79EFBC}") = "ScriptingInterface", "ScriptingInterface\ScriptingInterface.csproj", "{4B64F234-681D-4892-830B-FE4482D25A42}"
EndProject
Global
	GlobalSection(SolutionConfigurationPlatforms) = preSolution
		Debug|Any CPU = Debug|Any CPU
		Debug|Mixed Platforms = Debug|Mixed Platforms
		Debug|x86 = Debug|x86
		Release|Any CPU = Release|Any CPU
		Release|Mixed Platforms = Release|Mixed Platforms
		Release|x86 = Release|x86
	EndGlobalSection
	GlobalSection(ProjectConfigurationPlatforms) = postSolution
		{2A7DE555-193C-46B4-8E0E-3E5F120C2943}.Debug|Any CPU.ActiveCfg = Debug|x86
		{2A7DE555-193C-46B4-8E0E-3E5F120C2943}.Debug|Mixed Platforms.ActiveCfg = Debug|x86
		{2A7DE555-193C-46B4-8E0E-3E5F120C2943}.Debug|Mixed Platforms.Build.0 = Debug|x86
		{2A7DE555-193C-46B4-8E0E-3E5F120C2943}.Debug|x86.ActiveCfg = Debug|x86
		{2A7DE555-193C-46B4-8E0E-3E5F120C2943}.Debug|x86.Build.0 = Debug|x86
		{2A7DE555-193C-46B4-8E0E-3E5F120C2943}.Release|Any CPU.ActiveCfg = Release|x86
		{2A7DE555-193C-46B4-8E0E-3E5F120C2943}.Release|Mixed Platforms.ActiveCfg = Release|x86
		{2A7DE555-193C-46B4-8E0E-3E5F120C2943}.Release|Mixed Platforms.Build.0 = Release|x86
		{2A7DE555-193C-46B4-8E0E-3E5F120C2943}.Release|x86.ActiveCfg = Release|x86
		{2A7DE555-193C-46B4-8E0E-3E5F120C2943}.Release|x86.Build.0 = Release|x86
		{3E26D5F2-9EFF-4F76-9711-79E611F61ACB}.Debug|Any CPU.ActiveCfg = Debug|Any CPU
		{3E26D5F2-9EFF-4F76-9711-79E611F61ACB}.Debug|Any CPU.Build.0 = Debug|Any CPU
		{3E26D5F2-9EFF-4F76-9711-79E611F61ACB}.Debug|Mixed Platforms.ActiveCfg = Debug|Any CPU
		{3E26D5F2-9EFF-4F76-9711-79E611F61ACB}.Debug|Mixed Platforms.Build.0 = Debug|Any CPU
		{3E26D5F2-9EFF-4F76-9711-79E611F61ACB}.Debug|x86.ActiveCfg = Debug|Any CPU
		{3E26D5F2-9EFF-4F76-9711-79E611F61ACB}.Debug|x86.Build.0 = Debug|Any CPU
		{3E26D5F2-9EFF-4F76-9711-79E611F61ACB}.Release|Any CPU.ActiveCfg = Release|Any CPU
		{3E26D5F2-9EFF-4F76-9711-79E611F61ACB}.Release|Any CPU.Build.0 = Release|Any CPU
		{3E26D5F2-9EFF-4F76-9711-79E611F61ACB}.Release|Mixed Platforms.ActiveCfg = Release|Any CPU
		{3E26D5F2-9EFF-4F76-9711-79E611F61ACB}.Release|Mixed Platforms.Build.0 = Release|Any CPU
		{3E26D5F2-9EFF-4F76-9711-79E611F61ACB}.Release|x86.ActiveCfg = Release|Any CPU
		{3E26D5F2-9EFF-4F76-9711-79E611F61ACB}.Release|x86.Build.0 = Release|Any CPU
		{A9AE40FF-1A21-414A-9FE7-3BE13644CC6D}.Debug|Any CPU.ActiveCfg = Debug|Any CPU
		{A9AE40FF-1A21-414A-9FE7-3BE13644CC6D}.Debug|Any CPU.Build.0 = Debug|Any CPU
		{A9AE40FF-1A21-414A-9FE7-3BE13644CC6D}.Debug|Mixed Platforms.ActiveCfg = Debug|Any CPU
		{A9AE40FF-1A21-414A-9FE7-3BE13644CC6D}.Debug|Mixed Platforms.Build.0 = Debug|Any CPU
		{A9AE40FF-1A21-414A-9FE7-3BE13644CC6D}.Debug|x86.ActiveCfg = Debug|Any CPU
		{A9AE40FF-1A21-414A-9FE7-3BE13644CC6D}.Debug|x86.Build.0 = Debug|Any CPU
		{A9AE40FF-1A21-414A-9FE7-3BE13644CC6D}.Release|Any CPU.ActiveCfg = Release|Any CPU
		{A9AE40FF-1A21-414A-9FE7-3BE13644CC6D}.Release|Any CPU.Build.0 = Release|Any CPU
		{A9AE40FF-1A21-414A-9FE7-3BE13644CC6D}.Release|Mixed Platforms.ActiveCfg = Release|Any CPU
		{A9AE40FF-1A21-414A-9FE7-3BE13644CC6D}.Release|Mixed Platforms.Build.0 = Release|Any CPU
		{A9AE40FF-1A21-414A-9FE7-3BE13644CC6D}.Release|x86.ActiveCfg = Release|Any CPU
		{A9AE40FF-1A21-414A-9FE7-3BE13644CC6D}.Release|x86.Build.0 = Release|Any CPU
		{2DC79E40-BB70-4F6A-B378-905F2FBC6E97}.Debug|Any CPU.ActiveCfg = Debug|Any CPU
		{2DC79E40-BB70-4F6A-B378-905F2FBC6E97}.Debug|Any CPU.Build.0 = Debug|Any CPU
		{2DC79E40-BB70-4F6A-B378-905F2FBC6E97}.Debug|Mixed Platforms.ActiveCfg = Debug|Any CPU
		{2DC79E40-BB70-4F6A-B378-905F2FBC6E97}.Debug|Mixed Platforms.Build.0 = Debug|Any CPU
		{2DC79E40-BB70-4F6A-B378-905F2FBC6E97}.Debug|x86.ActiveCfg = Debug|Any CPU
		{2DC79E40-BB70-4F6A-B378-905F2FBC6E97}.Debug|x86.Build.0 = Debug|Any CPU
		{2DC79E40-BB70-4F6A-B378-905F2FBC6E97}.Release|Any CPU.ActiveCfg = Release|Any CPU
		{2DC79E40-BB70-4F6A-B378-905F2FBC6E97}.Release|Any CPU.Build.0 = Release|Any CPU
		{2DC79E40-BB70-4F6A-B378-905F2FBC6E97}.Release|Mixed Platforms.ActiveCfg = Release|Any CPU
		{2DC79E40-BB70-4F6A-B378-905F2FBC6E97}.Release|Mixed Platforms.Build.0 = Release|Any CPU
		{2DC79E40-BB70-4F6A-B378-905F2FBC6E97}.Release|x86.ActiveCfg = Release|Any CPU
		{2DC79E40-BB70-4F6A-B378-905F2FBC6E97}.Release|x86.Build.0 = Release|Any CPU
		{4B64F234-681D-4892-830B-FE4482D25A42}.Debug|Any CPU.ActiveCfg = Debug|Any CPU
		{4B64F234-681D-4892-830B-FE4482D25A42}.Debug|Any CPU.Build.0 = Debug|Any CPU
		{4B64F234-681D-4892-830B-FE4482D25A42}.Debug|Mixed Platforms.ActiveCfg = Debug|Any CPU
		{4B64F234-681D-4892-830B-FE4482D25A42}.Debug|Mixed Platforms.Build.0 = Debug|Any CPU
		{4B64F234-681D-4892-830B-FE4482D25A42}.Debug|x86.ActiveCfg = Debug|Any CPU
		{4B64F234-681D-4892-830B-FE4482D25A42}.Debug|x86.Build.0 = Debug|Any CPU
		{4B64F234-681D-4892-830B-FE4482D25A42}.Release|Any CPU.ActiveCfg = Release|Any CPU
		{4B64F234-681D-4892-830B-FE4482D25A42}.Release|Any CPU.Build.0 = Release|Any CPU
		{4B64F234-681D-4892-830B-FE4482D25A42}.Release|Mixed Platforms.ActiveCfg = Release|Any CPU
		{4B64F234-681D-4892-830B-FE4482D25A42}.Release|Mixed Platforms.Build.0 = Release|Any CPU
		{4B64F234-681D-4892-830B-FE4482D25A42}.Release|x86.ActiveCfg = Release|Any CPU
		{4B64F234-681D-4892-830B-FE4482D25A42}.Release|x86.Build.0 = Release|Any CPU
	EndGlobalSection
	GlobalSection(SolutionProperties) = preSolution
		HideSolutionNode = FALSE
	EndGlobalSection
EndGlobal
