
Microsoft Visual Studio Solution File, Format Version 11.00
# Visual Studio 2010
Project("{FAE04EC0-301F-11D3-BF4B-00C04F79EFBC}") = "JoystickCurves", "JoystickCurves\JoystickCurves.csproj", "{2A7DE555-193C-46B4-8E0E-3E5F120C2943}"
EndProject
Global
	GlobalSection(SolutionConfigurationPlatforms) = preSolution
		Debug|x86 = Debug|x86
		Release|x86 = Release|x86
	EndGlobalSection
	GlobalSection(ProjectConfigurationPlatforms) = postSolution
		{2A7DE555-193C-46B4-8E0E-3E5F120C2943}.Debug|x86.ActiveCfg = Debug|x86
		{2A7DE555-193C-46B4-8E0E-3E5F120C2943}.Debug|x86.Build.0 = Debug|x86
		{2A7DE555-193C-46B4-8E0E-3E5F120C2943}.Release|x86.ActiveCfg = Release|x86
		{2A7DE555-193C-46B4-8E0E-3E5F120C2943}.Release|x86.Build.0 = Release|x86
	EndGlobalSection
	GlobalSection(SolutionProperties) = preSolution
		HideSolutionNode = FALSE
	EndGlobalSection
EndGlobal
